
Microsoft Visual Studio Solution File, Format Version 12.00
# Visual Studio 2012
Project("{FAE04EC0-301F-11D3-BF4B-00C04F79EFBC}") = "s26web", "s26web\s26web.csproj", "{80EF075C-68F3-457E-9FB2-32BCD62421F7}"
EndProject
Global
	GlobalSection(SolutionConfigurationPlatforms) = preSolution
		Debug|Any CPU = Debug|Any CPU
		Release|Any CPU = Release|Any CPU
	EndGlobalSection
	GlobalSection(ProjectConfigurationPlatforms) = postSolution
		{80EF075C-68F3-457E-9FB2-32BCD62421F7}.Debug|Any CPU.ActiveCfg = Debug|Any CPU
		{80EF075C-68F3-457E-9FB2-32BCD62421F7}.Debug|Any CPU.Build.0 = Debug|Any CPU
		{80EF075C-68F3-457E-9FB2-32BCD62421F7}.Release|Any CPU.ActiveCfg = Release|Any CPU
		{80EF075C-68F3-457E-9FB2-32BCD62421F7}.Release|Any CPU.Build.0 = Release|Any CPU
	EndGlobalSection
	GlobalSection(SolutionProperties) = preSolution
		HideSolutionNode = FALSE
	EndGlobalSection
EndGlobal
